
Microsoft Visual Studio Solution File, Format Version 12.00
# Visual Studio Version 16
VisualStudioVersion = 16.0.31624.102
MinimumVisualStudioVersion = 10.0.40219.1
Project("{FAE04EC0-301F-11D3-BF4B-00C04F79EFBC}") = "Fromatob", "Fromatob.csproj", "{4654B3C0-CADC-424B-9FAB-160EA27BF846}"
EndProject
Global
	GlobalSection(SolutionConfigurationPlatforms) = preSolution
		Debug|Any CPU = Debug|Any CPU
		Release|Any CPU = Release|Any CPU
	EndGlobalSection
	GlobalSection(ProjectConfigurationPlatforms) = postSolution
		{4654B3C0-CADC-424B-9FAB-160EA27BF846}.Debug|Any CPU.ActiveCfg = Debug|Any CPU
		{4654B3C0-CADC-424B-9FAB-160EA27BF846}.Debug|Any CPU.Build.0 = Debug|Any CPU
		{4654B3C0-CADC-424B-9FAB-160EA27BF846}.Release|Any CPU.ActiveCfg = Release|Any CPU
		{4654B3C0-CADC-424B-9FAB-160EA27BF846}.Release|Any CPU.Build.0 = Release|Any CPU
	EndGlobalSection
	GlobalSection(SolutionProperties) = preSolution
		HideSolutionNode = FALSE
	EndGlobalSection
	GlobalSection(ExtensibilityGlobals) = postSolution
		SolutionGuid = {6E78E257-05B3-4210-BF7E-5176F775BA7F}
	EndGlobalSection
EndGlobal
